
Microsoft Visual Studio Solution File, Format Version 12.00
# Visual Studio 2013
VisualStudioVersion = 12.0.21005.1
MinimumVisualStudioVersion = 10.0.40219.1
Project("{FAE04EC0-301F-11D3-BF4B-00C04F79EFBC}") = "GameKiller", "GameKiller\GameKiller.csproj", "{C9D45567-1D3D-41C2-8F00-D1843E46819E}"
EndProject
Project("{FAE04EC0-301F-11D3-BF4B-00C04F79EFBC}") = "GameDaemon", "GameDaemon\GameDaemon.csproj", "{6B0CE2D5-DBA9-43F8-B9BD-25A976133CDE}"
EndProject
Global
	GlobalSection(SolutionConfigurationPlatforms) = preSolution
		Debug|Any CPU = Debug|Any CPU
		Release|Any CPU = Release|Any CPU
	EndGlobalSection
	GlobalSection(ProjectConfigurationPlatforms) = postSolution
		{C9D45567-1D3D-41C2-8F00-D1843E46819E}.Debug|Any CPU.ActiveCfg = Debug|Any CPU
		{C9D45567-1D3D-41C2-8F00-D1843E46819E}.Debug|Any CPU.Build.0 = Debug|Any CPU
		{C9D45567-1D3D-41C2-8F00-D1843E46819E}.Release|Any CPU.ActiveCfg = Release|Any CPU
		{C9D45567-1D3D-41C2-8F00-D1843E46819E}.Release|Any CPU.Build.0 = Release|Any CPU
		{6B0CE2D5-DBA9-43F8-B9BD-25A976133CDE}.Debug|Any CPU.ActiveCfg = Debug|Any CPU
		{6B0CE2D5-DBA9-43F8-B9BD-25A976133CDE}.Debug|Any CPU.Build.0 = Debug|Any CPU
		{6B0CE2D5-DBA9-43F8-B9BD-25A976133CDE}.Release|Any CPU.ActiveCfg = Release|Any CPU
		{6B0CE2D5-DBA9-43F8-B9BD-25A976133CDE}.Release|Any CPU.Build.0 = Release|Any CPU
	EndGlobalSection
	GlobalSection(SolutionProperties) = preSolution
		HideSolutionNode = FALSE
	EndGlobalSection
EndGlobal
